
Microsoft Visual Studio Solution File, Format Version 12.00
# Visual Studio Version 17
VisualStudioVersion = 17.8.34330.188
MinimumVisualStudioVersion = 10.0.40219.1
Project("{FAE04EC0-301F-11D3-BF4B-00C04F79EFBC}") = "CloudMT.PublicAPI.Example", "CloudMT.PublicAPI.Example.csproj", "{34A15CD1-F29A-4649-BC11-DC6D2EBCAB15}"
EndProject
Project("{2150E333-8FDC-42A3-9474-1A3956D46DE8}") = "Solution Items", "Solution Items", "{7386FCAE-AFE1-4F32-B56E-5C0D4F1EBB3F}"
	ProjectSection(SolutionItems) = preProject
		README.md = README.md
	EndProjectSection
EndProject
Global
	GlobalSection(SolutionConfigurationPlatforms) = preSolution
		Debug|Any CPU = Debug|Any CPU
		Release|Any CPU = Release|Any CPU
	EndGlobalSection
	GlobalSection(ProjectConfigurationPlatforms) = postSolution
		{34A15CD1-F29A-4649-BC11-DC6D2EBCAB15}.Debug|Any CPU.ActiveCfg = Debug|Any CPU
		{34A15CD1-F29A-4649-BC11-DC6D2EBCAB15}.Debug|Any CPU.Build.0 = Debug|Any CPU
		{34A15CD1-F29A-4649-BC11-DC6D2EBCAB15}.Release|Any CPU.ActiveCfg = Release|Any CPU
		{34A15CD1-F29A-4649-BC11-DC6D2EBCAB15}.Release|Any CPU.Build.0 = Release|Any CPU
	EndGlobalSection
	GlobalSection(SolutionProperties) = preSolution
		HideSolutionNode = FALSE
	EndGlobalSection
	GlobalSection(ExtensibilityGlobals) = postSolution
		SolutionGuid = {CD25A577-80CC-4F9F-AE99-7891F2ABE8AA}
	EndGlobalSection
EndGlobal
